
Microsoft Visual Studio Solution File, Format Version 12.00
# Visual Studio Version 16
VisualStudioVersion = 16.0.29009.5
MinimumVisualStudioVersion = 10.0.40219.1
Project("{FAE04EC0-301F-11D3-BF4B-00C04F79EFBC}") = "Kyouka", "Kyouka\Kyouka.csproj", "{D487E70B-B99C-4451-A4CB-4DD6F046C638}"
EndProject
Project("{FAE04EC0-301F-11D3-BF4B-00C04F79EFBC}") = "KyoukaTest", "KyoukaTest\KyoukaTest.csproj", "{4D5ABE5E-7173-4099-A190-5C0F6D530322}"
EndProject
Global
	GlobalSection(SolutionConfigurationPlatforms) = preSolution
		Debug|Any CPU = Debug|Any CPU
		Release|Any CPU = Release|Any CPU
	EndGlobalSection
	GlobalSection(ProjectConfigurationPlatforms) = postSolution
		{D487E70B-B99C-4451-A4CB-4DD6F046C638}.Debug|Any CPU.ActiveCfg = Debug|Any CPU
		{D487E70B-B99C-4451-A4CB-4DD6F046C638}.Debug|Any CPU.Build.0 = Debug|Any CPU
		{D487E70B-B99C-4451-A4CB-4DD6F046C638}.Release|Any CPU.ActiveCfg = Release|Any CPU
		{D487E70B-B99C-4451-A4CB-4DD6F046C638}.Release|Any CPU.Build.0 = Release|Any CPU
		{4D5ABE5E-7173-4099-A190-5C0F6D530322}.Debug|Any CPU.ActiveCfg = Debug|Any CPU
		{4D5ABE5E-7173-4099-A190-5C0F6D530322}.Debug|Any CPU.Build.0 = Debug|Any CPU
		{4D5ABE5E-7173-4099-A190-5C0F6D530322}.Release|Any CPU.ActiveCfg = Release|Any CPU
		{4D5ABE5E-7173-4099-A190-5C0F6D530322}.Release|Any CPU.Build.0 = Release|Any CPU
	EndGlobalSection
	GlobalSection(SolutionProperties) = preSolution
		HideSolutionNode = FALSE
	EndGlobalSection
	GlobalSection(ExtensibilityGlobals) = postSolution
		SolutionGuid = {1DB9CE93-E1EF-484B-90C6-7017AD98668D}
	EndGlobalSection
EndGlobal
